{
    "requires": true,
    "lockfileVersion": 1,
    "dependencies": {
        "lodash": {
            "version": "4.17.15",
            "resolved": "https://registry.npmjs.org/lodash/-/lodash-4.17.15.tgz",
            "integrity": "sha512-8xOcRHvCjnocdS5cpwXQXVzmmh5e5+saE2QGoeQmbKmRS6J3VQppPOIt0MnmE+4xlZoumy0GPG0D0MVIQbNA1A==",
            "dev": true
        },
        "tailwindcss-font-inter": {
            "version": "1.0.8",
            "resolved": "https://registry.npmjs.org/tailwindcss-font-inter/-/tailwindcss-font-inter-1.0.8.tgz",
            "integrity": "sha512-/AxArXcZ4GN70AthR/jIES7h9VrY5Xocjs05A46X1CsWLt63m9Bwq8y5gCZ5/CIUpUl1GKFDTIUgmo9W2kNGFQ==",
            "dev": true,
            "requires": {
                "lodash": "^4.17.15"
            }
        }
    }
}
